
Microsoft Visual Studio Solution File, Format Version 12.00
# Visual Studio Version 17
VisualStudioVersion = 17.5.002.0
MinimumVisualStudioVersion = 10.0.40219.1
Project("{9A19103F-16F7-4668-BE54-9A1E7A4F7556}") = "backend", "backend\backend.csproj", "{D294F452-6774-4572-8C45-832AE471AED9}"
EndProject
Global
	GlobalSection(SolutionConfigurationPlatforms) = preSolution
		Debug|Any CPU = Debug|Any CPU
		Release|Any CPU = Release|Any CPU
	EndGlobalSection
	GlobalSection(ProjectConfigurationPlatforms) = postSolution
		{D294F452-6774-4572-8C45-832AE471AED9}.Debug|Any CPU.ActiveCfg = Debug|Any CPU
		{D294F452-6774-4572-8C45-832AE471AED9}.Debug|Any CPU.Build.0 = Debug|Any CPU
		{D294F452-6774-4572-8C45-832AE471AED9}.Release|Any CPU.ActiveCfg = Release|Any CPU
		{D294F452-6774-4572-8C45-832AE471AED9}.Release|Any CPU.Build.0 = Release|Any CPU
	EndGlobalSection
	GlobalSection(SolutionProperties) = preSolution
		HideSolutionNode = FALSE
	EndGlobalSection
	GlobalSection(ExtensibilityGlobals) = postSolution
		SolutionGuid = {F0976B00-E479-44C9-86BF-435796DD1DE3}
	EndGlobalSection
EndGlobal
